
Microsoft Visual Studio Solution File, Format Version 12.00
# Visual Studio 14
VisualStudioVersion = 14.0.25420.1
MinimumVisualStudioVersion = 10.0.40219.1
Project("{FAE04EC0-301F-11D3-BF4B-00C04F79EFBC}") = "PairedInterfaces.Analyzers", "PairedInterfaces.Analyzers\PairedInterfaces.Analyzers.csproj", "{60C1ED3B-C104-45C9-B474-3E87AC28D1FF}"
EndProject
Project("{FAE04EC0-301F-11D3-BF4B-00C04F79EFBC}") = "PairedInterfaces.Analyzers.Vsix", "PairedInterfaces.Analyzers.Vsix\PairedInterfaces.Analyzers.Vsix.csproj", "{DACA28DC-12E1-4C25-AE98-880EF1ABD36B}"
EndProject
Global
	GlobalSection(SolutionConfigurationPlatforms) = preSolution
		Debug|Any CPU = Debug|Any CPU
		Release|Any CPU = Release|Any CPU
	EndGlobalSection
	GlobalSection(ProjectConfigurationPlatforms) = postSolution
		{60C1ED3B-C104-45C9-B474-3E87AC28D1FF}.Debug|Any CPU.ActiveCfg = Debug|Any CPU
		{60C1ED3B-C104-45C9-B474-3E87AC28D1FF}.Debug|Any CPU.Build.0 = Debug|Any CPU
		{60C1ED3B-C104-45C9-B474-3E87AC28D1FF}.Release|Any CPU.ActiveCfg = Release|Any CPU
		{60C1ED3B-C104-45C9-B474-3E87AC28D1FF}.Release|Any CPU.Build.0 = Release|Any CPU
		{DACA28DC-12E1-4C25-AE98-880EF1ABD36B}.Debug|Any CPU.ActiveCfg = Debug|Any CPU
		{DACA28DC-12E1-4C25-AE98-880EF1ABD36B}.Debug|Any CPU.Build.0 = Debug|Any CPU
		{DACA28DC-12E1-4C25-AE98-880EF1ABD36B}.Release|Any CPU.ActiveCfg = Release|Any CPU
		{DACA28DC-12E1-4C25-AE98-880EF1ABD36B}.Release|Any CPU.Build.0 = Release|Any CPU
	EndGlobalSection
	GlobalSection(SolutionProperties) = preSolution
		HideSolutionNode = FALSE
	EndGlobalSection
EndGlobal
